<?xml version="1.0" encoding="utf-8"?>
<Project ToolsVersion="4.0" xmlns="http://schemas.microsoft.com/developer/msbuild/2003">
  <ItemGroup>
    <ClCompile Include="disasm.cpp" />
    <ClCompile Include="link.cpp" />
    <ClCompile Include="machine.cpp" />
    <ClCompile Include="main.cpp" />
    <ClCompile Include="meta.cpp" />
    <ClCompile Include="minilzo.c" />
    <ClCompile Include="compression.cpp" />
  </ItemGroup>
  <ItemGroup>
    <ClInclude Include="opcodes.h" />
    <ClInclude Include="goaldis.h" />
    <ClInclude Include="minilzo.h" />
    <ClInclude Include="compression.h" />
    <ClInclude Include="lzoconf.h" />
    <ClInclude Include="lzodefs.h" />
  </ItemGroup>
</Project>